
Microsoft Visual Studio Solution File, Format Version 12.00
# Visual Studio 15
VisualStudioVersion = 15.0.27130.2036
MinimumVisualStudioVersion = 10.0.40219.1
Project("{9A19103F-16F7-4668-BE54-9A1E7A4F7556}") = "InvoiceCalendar", "InvoiceCalendar.csproj", "{FA86B365-9E65-41D6-841E-6048B09BFABB}"
EndProject
Global
	GlobalSection(SolutionConfigurationPlatforms) = preSolution
		Debug|Any CPU = Debug|Any CPU
		Release|Any CPU = Release|Any CPU
	EndGlobalSection
	GlobalSection(ProjectConfigurationPlatforms) = postSolution
		{FA86B365-9E65-41D6-841E-6048B09BFABB}.Debug|Any CPU.ActiveCfg = Debug|Any CPU
		{FA86B365-9E65-41D6-841E-6048B09BFABB}.Debug|Any CPU.Build.0 = Debug|Any CPU
		{FA86B365-9E65-41D6-841E-6048B09BFABB}.Release|Any CPU.ActiveCfg = Release|Any CPU
		{FA86B365-9E65-41D6-841E-6048B09BFABB}.Release|Any CPU.Build.0 = Release|Any CPU
	EndGlobalSection
	GlobalSection(SolutionProperties) = preSolution
		HideSolutionNode = FALSE
	EndGlobalSection
	GlobalSection(ExtensibilityGlobals) = postSolution
		SolutionGuid = {D1B999C3-15F6-4B5C-B54B-17B0D9F0D417}
	EndGlobalSection
EndGlobal
